PODS:
  - Flutter (1.0.0)
  - flutter_playsuipi (0.0.1):
    - Flutter

DEPENDENCIES:
  - Flutter (from `Flutter`)
  - flutter_playsuipi (from `.symlinks/plugins/flutter_playsuipi/ios`)

EXTERNAL SOURCES:
  Flutter:
    :path: Flutter
  flutter_playsuipi:
    :path: ".symlinks/plugins/flutter_playsuipi/ios"

SPEC CHECKSUMS:
  Flutter: cabc95a1d2626b1b06e7179b784ebcf0c0cde467
  flutter_playsuipi: 3b646abdea302b79619bd0e491b7739f844b6fc7

PODFILE CHECKSUM: 3c63482e143d1b91d2d2560aee9fb04ecc74ac7e

COCOAPODS: 1.16.2
