PODS:
  - Flutter (1.0.0)
  - flutter_playsuipi (1.0.2):
    - Flutter

DEPENDENCIES:
  - Flutter (from `Flutter`)
  - flutter_playsuipi (from `.symlinks/plugins/flutter_playsuipi/ios`)

EXTERNAL SOURCES:
  Flutter:
    :path: Flutter
  flutter_playsuipi:
    :path: ".symlinks/plugins/flutter_playsuipi/ios"

SPEC CHECKSUMS:
  Flutter: cabc95a1d2626b1b06e7179b784ebcf0c0cde467
  flutter_playsuipi: ac47261e88507f64adb5a24af909f4d16d0d5465

PODFILE CHECKSUM: 3c63482e143d1b91d2d2560aee9fb04ecc74ac7e

COCOAPODS: 1.16.2
