PODS:
  - flutter_playsuipi (0.0.1):
    - FlutterMacOS
  - FlutterMacOS (1.0.0)

DEPENDENCIES:
  - flutter_playsuipi (from `Flutter/ephemeral/.symlinks/plugins/flutter_playsuipi/macos`)
  - FlutterMacOS (from `Flutter/ephemeral`)

EXTERNAL SOURCES:
  flutter_playsuipi:
    :path: Flutter/ephemeral/.symlinks/plugins/flutter_playsuipi/macos
  FlutterMacOS:
    :path: Flutter/ephemeral

SPEC CHECKSUMS:
  flutter_playsuipi: 4cc0e15e035aac6f8d96eae27fa7186ad81d7639
  FlutterMacOS: d0db08ddef1a9af05a5ec4b724367152bb0500b1

PODFILE CHECKSUM: 54d867c82ac51cbd61b565781b9fada492027009

COCOAPODS: 1.16.2
